# This file is generated by running "yarn install" inside your project.
# Manual changes might be lost - proceed with caution!

__metadata:
  version: 8
  cacheKey: 10c0

"@codemirror/commands@npm:^6.6.0":
  version: 6.10.0
  resolution: "@codemirror/commands@npm:6.10.0"
  dependencies:
    "@codemirror/language": "npm:^6.0.0"
    "@codemirror/state": "npm:^6.4.0"
    "@codemirror/view": "npm:^6.27.0"
    "@lezer/common": "npm:^1.1.0"
  checksum: 10c0/5122c026ef3578049a9d166a0afe9cd66abcc20fd5a2a084c97a60b519db6f38e3b8f05af813e5bdbbf249d3a95dce07a52cd30f77083da4a2da660c1b424a88
  languageName: node
  linkType: hard

"@codemirror/language@npm:^6.0.0":
  version: 6.11.3
  resolution: "@codemirror/language@npm:6.11.3"
  dependencies:
    "@codemirror/state": "npm:^6.0.0"
    "@codemirror/view": "npm:^6.23.0"
    "@lezer/common": "npm:^1.1.0"
    "@lezer/highlight": "npm:^1.0.0"
    "@lezer/lr": "npm:^1.0.0"
    style-mod: "npm:^4.0.0"
  checksum: 10c0/0cbc2a98bd9e94e8e186af30613741a553fc45479e3875c79bddc32340d4d75ecc36229c66e2ee5fcffbc8fdd49b442e43847799d1d68651e3b4f8ec20d3d092
  languageName: node
  linkType: hard

"@codemirror/state@npm:^6.0.0, @codemirror/state@npm:^6.4.0, @codemirror/state@npm:^6.5.0":
  version: 6.5.2
  resolution: "@codemirror/state@npm:6.5.2"
  dependencies:
    "@marijn/find-cluster-break": "npm:^1.0.0"
  checksum: 10c0/1ef773394e32c077a8cfc1ec6d881aefb1918876f82161748e505c38d143aa1c6893c314cfec91097d28f704ec07b2a6c6b75abd435086208974256dee997282
  languageName: node
  linkType: hard

"@codemirror/view@npm:^6.23.0, @codemirror/view@npm:^6.27.0, @codemirror/view@npm:^6.30.0":
  version: 6.38.8
  resolution: "@codemirror/view@npm:6.38.8"
  dependencies:
    "@codemirror/state": "npm:^6.5.0"
    crelt: "npm:^1.0.6"
    style-mod: "npm:^4.1.0"
    w3c-keyname: "npm:^2.2.4"
  checksum: 10c0/42d5d40a00651adcf6cd90b45790556a339b034943a27daabb60f961591fb4a622f270917017f0ca304f62d9dd91f681992d8e2617738c39978b424f9a538aa1
  languageName: node
  linkType: hard

"@esbuild/aix-ppc64@npm:0.23.1":
  version: 0.23.1
  resolution: "@esbuild/aix-ppc64@npm:0.23.1"
  conditions: os=aix & cpu=ppc64
  languageName: node
  linkType: hard

"@esbuild/android-arm64@npm:0.23.1":
  version: 0.23.1
  resolution: "@esbuild/android-arm64@npm:0.23.1"
  conditions: os=android & cpu=arm64
  languageName: node
  linkType: hard

"@esbuild/android-arm@npm:0.23.1":
  version: 0.23.1
  resolution: "@esbuild/android-arm@npm:0.23.1"
  conditions: os=android & cpu=arm
  languageName: node
  linkType: hard

"@esbuild/android-x64@npm:0.23.1":
  version: 0.23.1
  resolution: "@esbuild/android-x64@npm:0.23.1"
  conditions: os=android & cpu=x64
  languageName: node
  linkType: hard

"@esbuild/darwin-arm64@npm:0.23.1":
  version: 0.23.1
  resolution: "@esbuild/darwin-arm64@npm:0.23.1"
  conditions: os=darwin & cpu=arm64
  languageName: node
  linkType: hard

"@esbuild/darwin-x64@npm:0.23.1":
  version: 0.23.1
  resolution: "@esbuild/darwin-x64@npm:0.23.1"
  conditions: os=darwin & cpu=x64
  languageName: node
  linkType: hard

"@esbuild/freebsd-arm64@npm:0.23.1":
  version: 0.23.1
  resolution: "@esbuild/freebsd-arm64@npm:0.23.1"
  conditions: os=freebsd & cpu=arm64
  languageName: node
  linkType: hard

"@esbuild/freebsd-x64@npm:0.23.1":
  version: 0.23.1
  resolution: "@esbuild/freebsd-x64@npm:0.23.1"
  conditions: os=freebsd & cpu=x64
  languageName: node
  linkType: hard

"@esbuild/linux-arm64@npm:0.23.1":
  version: 0.23.1
  resolution: "@esbuild/linux-arm64@npm:0.23.1"
  conditions: os=linux & cpu=arm64
  languageName: node
  linkType: hard

"@esbuild/linux-arm@npm:0.23.1":
  version: 0.23.1
  resolution: "@esbuild/linux-arm@npm:0.23.1"
  conditions: os=linux & cpu=arm
  languageName: node
  linkType: hard

"@esbuild/linux-ia32@npm:0.23.1":
  version: 0.23.1
  resolution: "@esbuild/linux-ia32@npm:0.23.1"
  conditions: os=linux & cpu=ia32
  languageName: node
  linkType: hard

"@esbuild/linux-loong64@npm:0.23.1":
  version: 0.23.1
  resolution: "@esbuild/linux-loong64@npm:0.23.1"
  conditions: os=linux & cpu=loong64
  languageName: node
  linkType: hard

"@esbuild/linux-mips64el@npm:0.23.1":
  version: 0.23.1
  resolution: "@esbuild/linux-mips64el@npm:0.23.1"
  conditions: os=linux & cpu=mips64el
  languageName: node
  linkType: hard

"@esbuild/linux-ppc64@npm:0.23.1":
  version: 0.23.1
  resolution: "@esbuild/linux-ppc64@npm:0.23.1"
  conditions: os=linux & cpu=ppc64
  languageName: node
  linkType: hard

"@esbuild/linux-riscv64@npm:0.23.1":
  version: 0.23.1
  resolution: "@esbuild/linux-riscv64@npm:0.23.1"
  conditions: os=linux & cpu=riscv64
  languageName: node
  linkType: hard

"@esbuild/linux-s390x@npm:0.23.1":
  version: 0.23.1
  resolution: "@esbuild/linux-s390x@npm:0.23.1"
  conditions: os=linux & cpu=s390x
  languageName: node
  linkType: hard

"@esbuild/linux-x64@npm:0.23.1":
  version: 0.23.1
  resolution: "@esbuild/linux-x64@npm:0.23.1"
  conditions: os=linux & cpu=x64
  languageName: node
  linkType: hard

"@esbuild/netbsd-x64@npm:0.23.1":
  version: 0.23.1
  resolution: "@esbuild/netbsd-x64@npm:0.23.1"
  conditions: os=netbsd & cpu=x64
  languageName: node
  linkType: hard

"@esbuild/openbsd-arm64@npm:0.23.1":
  version: 0.23.1
  resolution: "@esbuild/openbsd-arm64@npm:0.23.1"
  conditions: os=openbsd & cpu=arm64
  languageName: node
  linkType: hard

"@esbuild/openbsd-x64@npm:0.23.1":
  version: 0.23.1
  resolution: "@esbuild/openbsd-x64@npm:0.23.1"
  conditions: os=openbsd & cpu=x64
  languageName: node
  linkType: hard

"@esbuild/sunos-x64@npm:0.23.1":
  version: 0.23.1
  resolution: "@esbuild/sunos-x64@npm:0.23.1"
  conditions: os=sunos & cpu=x64
  languageName: node
  linkType: hard

"@esbuild/win32-arm64@npm:0.23.1":
  version: 0.23.1
  resolution: "@esbuild/win32-arm64@npm:0.23.1"
  conditions: os=win32 & cpu=arm64
  languageName: node
  linkType: hard

"@esbuild/win32-ia32@npm:0.23.1":
  version: 0.23.1
  resolution: "@esbuild/win32-ia32@npm:0.23.1"
  conditions: os=win32 & cpu=ia32
  languageName: node
  linkType: hard

"@esbuild/win32-x64@npm:0.23.1":
  version: 0.23.1
  resolution: "@esbuild/win32-x64@npm:0.23.1"
  conditions: os=win32 & cpu=x64
  languageName: node
  linkType: hard

"@lezer/common@npm:^1.0.0, @lezer/common@npm:^1.1.0, @lezer/common@npm:^1.3.0":
  version: 1.3.0
  resolution: "@lezer/common@npm:1.3.0"
  checksum: 10c0/e164094920761c2f56c8634d0ae9261ea7c5e6b8202aa08773febc59b8d8284dde5bc7a810c9438e27b978e5ad67d0db03af1ed72924df61b8fa2704acb55deb
  languageName: node
  linkType: hard

"@lezer/highlight@npm:^1.0.0":
  version: 1.2.3
  resolution: "@lezer/highlight@npm:1.2.3"
  dependencies:
    "@lezer/common": "npm:^1.3.0"
  checksum: 10c0/3bcb4fce7a1a45b5973895d7cb2be47970a0098700f2a0970aef9878ffd37f540285a2d7388ec1f524726ec90cc5196b5701bbb9764b7e7300786d772b7d2ce2
  languageName: node
  linkType: hard

"@lezer/lr@npm:^1.0.0":
  version: 1.4.3
  resolution: "@lezer/lr@npm:1.4.3"
  dependencies:
    "@lezer/common": "npm:^1.0.0"
  checksum: 10c0/3c9fd7eefb0641addfdd0955b4c4014bb8702285c52890b58c937d766320ba2fec8c6b374b46f514079a093c9dd21b6632746a01fed16c250c90d649e5dd12c1
  languageName: node
  linkType: hard

"@marijn/find-cluster-break@npm:^1.0.0":
  version: 1.0.2
  resolution: "@marijn/find-cluster-break@npm:1.0.2"
  checksum: 10c0/1a17a60b16083cc5f7ce89d7b7d8aa87ce4099723e3e9e34e229ef2cd8a980e69d481ca8ee90ffedfec5119af1aed581642fb60ed0365e7e90634c81ea6b630f
  languageName: node
  linkType: hard

"@types/codemirror@npm:5.60.8":
  version: 5.60.8
  resolution: "@types/codemirror@npm:5.60.8"
  dependencies:
    "@types/tern": "npm:*"
  checksum: 10c0/cf72f1650f78902afadcdf4a1042f7f7cb7d1cc8d6c7135ac3d5e07e5314671c77d7f331001fd0a2dc9bf976b5ac0ce8f0c8922f4cafeb680ac20e68afa02c13
  languageName: node
  linkType: hard

"@types/estree@npm:*":
  version: 1.0.8
  resolution: "@types/estree@npm:1.0.8"
  checksum: 10c0/39d34d1afaa338ab9763f37ad6066e3f349444f9052b9676a7cc0252ef9485a41c6d81c9c4e0d26e9077993354edf25efc853f3224dd4b447175ef62bdcc86a5
  languageName: node
  linkType: hard

"@types/node@npm:^20.11.0":
  version: 20.19.25
  resolution: "@types/node@npm:20.19.25"
  dependencies:
    undici-types: "npm:~6.21.0"
  checksum: 10c0/992f18cb03264e8dc2fd3cb64f428ee4997cb6d928dad68bf4b752eacac73062697ce7ce6a0e71a6d15af510814397a20597a72332dfec638e02fb3a382ad014
  languageName: node
  linkType: hard

"@types/tern@npm:*":
  version: 0.23.9
  resolution: "@types/tern@npm:0.23.9"
  dependencies:
    "@types/estree": "npm:*"
  checksum: 10c0/1d30ccfbb84362fe7a7edeea3ba5268f5a7a0965d504147c6b701092f0ea3f0833799ee753e2059a535ca06590f91dd2416e4bd94a6e8ad51eea127a0607c617
  languageName: node
  linkType: hard

"crelt@npm:^1.0.6":
  version: 1.0.6
  resolution: "crelt@npm:1.0.6"
  checksum: 10c0/e0fb76dff50c5eb47f2ea9b786c17f9425c66276025adee80876bdbf4a84ab72e899e56d3928431ab0cb057a105ef704df80fe5726ef0f7b1658f815521bdf09
  languageName: node
  linkType: hard

"esbuild@npm:^0.23.0":
  version: 0.23.1
  resolution: "esbuild@npm:0.23.1"
  dependencies:
    "@esbuild/aix-ppc64": "npm:0.23.1"
    "@esbuild/android-arm": "npm:0.23.1"
    "@esbuild/android-arm64": "npm:0.23.1"
    "@esbuild/android-x64": "npm:0.23.1"
    "@esbuild/darwin-arm64": "npm:0.23.1"
    "@esbuild/darwin-x64": "npm:0.23.1"
    "@esbuild/freebsd-arm64": "npm:0.23.1"
    "@esbuild/freebsd-x64": "npm:0.23.1"
    "@esbuild/linux-arm": "npm:0.23.1"
    "@esbuild/linux-arm64": "npm:0.23.1"
    "@esbuild/linux-ia32": "npm:0.23.1"
    "@esbuild/linux-loong64": "npm:0.23.1"
    "@esbuild/linux-mips64el": "npm:0.23.1"
    "@esbuild/linux-ppc64": "npm:0.23.1"
    "@esbuild/linux-riscv64": "npm:0.23.1"
    "@esbuild/linux-s390x": "npm:0.23.1"
    "@esbuild/linux-x64": "npm:0.23.1"
    "@esbuild/netbsd-x64": "npm:0.23.1"
    "@esbuild/openbsd-arm64": "npm:0.23.1"
    "@esbuild/openbsd-x64": "npm:0.23.1"
    "@esbuild/sunos-x64": "npm:0.23.1"
    "@esbuild/win32-arm64": "npm:0.23.1"
    "@esbuild/win32-ia32": "npm:0.23.1"
    "@esbuild/win32-x64": "npm:0.23.1"
  dependenciesMeta:
    "@esbuild/aix-ppc64":
      optional: true
    "@esbuild/android-arm":
      optional: true
    "@esbuild/android-arm64":
      optional: true
    "@esbuild/android-x64":
      optional: true
    "@esbuild/darwin-arm64":
      optional: true
    "@esbuild/darwin-x64":
      optional: true
    "@esbuild/freebsd-arm64":
      optional: true
    "@esbuild/freebsd-x64":
      optional: true
    "@esbuild/linux-arm":
      optional: true
    "@esbuild/linux-arm64":
      optional: true
    "@esbuild/linux-ia32":
      optional: true
    "@esbuild/linux-loong64":
      optional: true
    "@esbuild/linux-mips64el":
      optional: true
    "@esbuild/linux-ppc64":
      optional: true
    "@esbuild/linux-riscv64":
      optional: true
    "@esbuild/linux-s390x":
      optional: true
    "@esbuild/linux-x64":
      optional: true
    "@esbuild/netbsd-x64":
      optional: true
    "@esbuild/openbsd-arm64":
      optional: true
    "@esbuild/openbsd-x64":
      optional: true
    "@esbuild/sunos-x64":
      optional: true
    "@esbuild/win32-arm64":
      optional: true
    "@esbuild/win32-ia32":
      optional: true
    "@esbuild/win32-x64":
      optional: true
  bin:
    esbuild: bin/esbuild
  checksum: 10c0/08c2ed1105cc3c5e3a24a771e35532fe6089dd24a39c10097899072cef4a99f20860e41e9294e000d86380f353b04d8c50af482483d7f69f5208481cce61eec7
  languageName: node
  linkType: hard

"moment@npm:2.29.4":
  version: 2.29.4
  resolution: "moment@npm:2.29.4"
  checksum: 10c0/844c6f3ce42862ac9467c8ca4f5e48a00750078682cc5bda1bc0e50cc7ca88e2115a0f932d65a06e4a90e26cb78892be9b3ca3dd6546ca2c4d994cebb787fc2b
  languageName: node
  linkType: hard

"obsidian-traitor-keys@workspace:.":
  version: 0.0.0-use.local
  resolution: "obsidian-traitor-keys@workspace:."
  dependencies:
    "@codemirror/commands": "npm:^6.6.0"
    "@codemirror/state": "npm:^6.4.0"
    "@codemirror/view": "npm:^6.30.0"
    "@types/node": "npm:^20.11.0"
    esbuild: "npm:^0.23.0"
    obsidian: "npm:^1.5.0"
    typescript: "npm:^5.4.0"
  languageName: unknown
  linkType: soft

"obsidian@npm:^1.5.0":
  version: 1.10.3
  resolution: "obsidian@npm:1.10.3"
  dependencies:
    "@types/codemirror": "npm:5.60.8"
    moment: "npm:2.29.4"
  peerDependencies:
    "@codemirror/state": 6.5.0
    "@codemirror/view": 6.38.6
  checksum: 10c0/05cd7718e3498f87e07d1c56b67ab8a6001ae0ac2c4ed40bac69dd4690ec7c1dcef623a8adb1b5a5bab039de905dcd50c91197ba73895110c7678ffbd70d217b
  languageName: node
  linkType: hard

"style-mod@npm:^4.0.0, style-mod@npm:^4.1.0":
  version: 4.1.3
  resolution: "style-mod@npm:4.1.3"
  checksum: 10c0/36059006ea73cd96242ca8be06b625522d488bf8caca9c18436edf77092183381f08109577a4b3d35482f3395231099f195dbc854a46ce507fbf75c484f2cfcc
  languageName: node
  linkType: hard

"typescript@npm:^5.4.0":
  version: 5.9.3
  resolution: "typescript@npm:5.9.3"
  bin:
    tsc: bin/tsc
    tsserver: bin/tsserver
  checksum: 10c0/6bd7552ce39f97e711db5aa048f6f9995b53f1c52f7d8667c1abdc1700c68a76a308f579cd309ce6b53646deb4e9a1be7c813a93baaf0a28ccd536a30270e1c5
  languageName: node
  linkType: hard

"typescript@patch:typescript@npm%3A^5.4.0#optional!builtin<compat/typescript>":
  version: 5.9.3
  resolution: "typescript@patch:typescript@npm%3A5.9.3#optional!builtin<compat/typescript>::version=5.9.3&hash=5786d5"
  bin:
    tsc: bin/tsc
    tsserver: bin/tsserver
  checksum: 10c0/ad09fdf7a756814dce65bc60c1657b40d44451346858eea230e10f2e95a289d9183b6e32e5c11e95acc0ccc214b4f36289dcad4bf1886b0adb84d711d336a430
  languageName: node
  linkType: hard

"undici-types@npm:~6.21.0":
  version: 6.21.0
  resolution: "undici-types@npm:6.21.0"
  checksum: 10c0/c01ed51829b10aa72fc3ce64b747f8e74ae9b60eafa19a7b46ef624403508a54c526ffab06a14a26b3120d055e1104d7abe7c9017e83ced038ea5cf52f8d5e04
  languageName: node
  linkType: hard

"w3c-keyname@npm:^2.2.4":
  version: 2.2.8
  resolution: "w3c-keyname@npm:2.2.8"
  checksum: 10c0/37cf335c90efff31672ebb345577d681e2177f7ff9006a9ad47c68c5a9d265ba4a7b39d6c2599ceea639ca9315584ce4bd9c9fbf7a7217bfb7a599e71943c4c4
  languageName: node
  linkType: hard
